
Microsoft Visual Studio Solution File, Format Version 12.00
# Visual Studio 15
VisualStudioVersion = 15.0.28307.489
MinimumVisualStudioVersion = 10.0.40219.1
Project("{FAE04EC0-301F-11D3-BF4B-00C04F79EFBC}") = "Assignment4", "Assignment4\Assignment4.csproj", "{B0C34F33-41CB-43CD-AEFB-5C9509B7543F}"
EndProject
Global
	GlobalSection(SolutionConfigurationPlatforms) = preSolution
		Debug|Any CPU = Debug|Any CPU
		Release|Any CPU = Release|Any CPU
	EndGlobalSection
	GlobalSection(ProjectConfigurationPlatforms) = postSolution
		{B0C34F33-41CB-43CD-AEFB-5C9509B7543F}.Debug|Any CPU.ActiveCfg = Debug|Any CPU
		{B0C34F33-41CB-43CD-AEFB-5C9509B7543F}.Debug|Any CPU.Build.0 = Debug|Any CPU
		{B0C34F33-41CB-43CD-AEFB-5C9509B7543F}.Release|Any CPU.ActiveCfg = Release|Any CPU
		{B0C34F33-41CB-43CD-AEFB-5C9509B7543F}.Release|Any CPU.Build.0 = Release|Any CPU
	EndGlobalSection
	GlobalSection(SolutionProperties) = preSolution
		HideSolutionNode = FALSE
	EndGlobalSection
	GlobalSection(ExtensibilityGlobals) = postSolution
		SolutionGuid = {6DCC8E3C-2FC8-4D65-8AE3-3FA039F52B8A}
	EndGlobalSection
EndGlobal
