
Microsoft Visual Studio Solution File, Format Version 12.00
# Visual Studio 15
VisualStudioVersion = 15.0.28307.489
MinimumVisualStudioVersion = 10.0.40219.1
Project("{FAE04EC0-301F-11D3-BF4B-00C04F79EFBC}") = "Lab9", "Lab9\Lab9.csproj", "{974D58EF-F7BF-416E-8616-16B6B2E7B33F}"
EndProject
Global
	GlobalSection(SolutionConfigurationPlatforms) = preSolution
		Debug|Any CPU = Debug|Any CPU
		Release|Any CPU = Release|Any CPU
	EndGlobalSection
	GlobalSection(ProjectConfigurationPlatforms) = postSolution
		{974D58EF-F7BF-416E-8616-16B6B2E7B33F}.Debug|Any CPU.ActiveCfg = Debug|Any CPU
		{974D58EF-F7BF-416E-8616-16B6B2E7B33F}.Debug|Any CPU.Build.0 = Debug|Any CPU
		{974D58EF-F7BF-416E-8616-16B6B2E7B33F}.Release|Any CPU.ActiveCfg = Release|Any CPU
		{974D58EF-F7BF-416E-8616-16B6B2E7B33F}.Release|Any CPU.Build.0 = Release|Any CPU
	EndGlobalSection
	GlobalSection(SolutionProperties) = preSolution
		HideSolutionNode = FALSE
	EndGlobalSection
	GlobalSection(ExtensibilityGlobals) = postSolution
		SolutionGuid = {20A96150-3C85-4995-8FD9-64CB765F38C4}
	EndGlobalSection
EndGlobal
