
Microsoft Visual Studio Solution File, Format Version 12.00
# Visual Studio 15
VisualStudioVersion = 15.0.28307.489
MinimumVisualStudioVersion = 10.0.40219.1
Project("{FAE04EC0-301F-11D3-BF4B-00C04F79EFBC}") = "Lab4", "Lab4\Lab4.csproj", "{488532D5-8F5C-44F3-9ED7-6F8E2083C8F6}"
EndProject
Global
	GlobalSection(SolutionConfigurationPlatforms) = preSolution
		Debug|Any CPU = Debug|Any CPU
		Release|Any CPU = Release|Any CPU
	EndGlobalSection
	GlobalSection(ProjectConfigurationPlatforms) = postSolution
		{488532D5-8F5C-44F3-9ED7-6F8E2083C8F6}.Debug|Any CPU.ActiveCfg = Debug|Any CPU
		{488532D5-8F5C-44F3-9ED7-6F8E2083C8F6}.Debug|Any CPU.Build.0 = Debug|Any CPU
		{488532D5-8F5C-44F3-9ED7-6F8E2083C8F6}.Release|Any CPU.ActiveCfg = Release|Any CPU
		{488532D5-8F5C-44F3-9ED7-6F8E2083C8F6}.Release|Any CPU.Build.0 = Release|Any CPU
	EndGlobalSection
	GlobalSection(SolutionProperties) = preSolution
		HideSolutionNode = FALSE
	EndGlobalSection
	GlobalSection(ExtensibilityGlobals) = postSolution
		SolutionGuid = {B7A08E17-BBF3-4A05-921E-1F98FE861183}
	EndGlobalSection
EndGlobal
