
Microsoft Visual Studio Solution File, Format Version 12.00
# Visual Studio 15
VisualStudioVersion = 15.0.28307.489
MinimumVisualStudioVersion = 10.0.40219.1
Project("{FAE04EC0-301F-11D3-BF4B-00C04F79EFBC}") = "Lab3", "Lab3\Lab3.csproj", "{E3A74BF7-D5DB-47FC-9975-61766C770A1C}"
EndProject
Global
	GlobalSection(SolutionConfigurationPlatforms) = preSolution
		Debug|Any CPU = Debug|Any CPU
		Release|Any CPU = Release|Any CPU
	EndGlobalSection
	GlobalSection(ProjectConfigurationPlatforms) = postSolution
		{E3A74BF7-D5DB-47FC-9975-61766C770A1C}.Debug|Any CPU.ActiveCfg = Debug|Any CPU
		{E3A74BF7-D5DB-47FC-9975-61766C770A1C}.Debug|Any CPU.Build.0 = Debug|Any CPU
		{E3A74BF7-D5DB-47FC-9975-61766C770A1C}.Release|Any CPU.ActiveCfg = Release|Any CPU
		{E3A74BF7-D5DB-47FC-9975-61766C770A1C}.Release|Any CPU.Build.0 = Release|Any CPU
	EndGlobalSection
	GlobalSection(SolutionProperties) = preSolution
		HideSolutionNode = FALSE
	EndGlobalSection
	GlobalSection(ExtensibilityGlobals) = postSolution
		SolutionGuid = {B929C12E-7A03-47CD-95AC-E1B339207A4B}
	EndGlobalSection
EndGlobal
