
Microsoft Visual Studio Solution File, Format Version 12.00
# Visual Studio 15
VisualStudioVersion = 15.0.28307.489
MinimumVisualStudioVersion = 10.0.40219.1
Project("{FAE04EC0-301F-11D3-BF4B-00C04F79EFBC}") = "Lab7", "Lab7\Lab7.csproj", "{D83E485F-3831-4A3E-9E10-CD71B225A148}"
EndProject
Global
	GlobalSection(SolutionConfigurationPlatforms) = preSolution
		Debug|Any CPU = Debug|Any CPU
		Release|Any CPU = Release|Any CPU
	EndGlobalSection
	GlobalSection(ProjectConfigurationPlatforms) = postSolution
		{D83E485F-3831-4A3E-9E10-CD71B225A148}.Debug|Any CPU.ActiveCfg = Debug|Any CPU
		{D83E485F-3831-4A3E-9E10-CD71B225A148}.Debug|Any CPU.Build.0 = Debug|Any CPU
		{D83E485F-3831-4A3E-9E10-CD71B225A148}.Release|Any CPU.ActiveCfg = Release|Any CPU
		{D83E485F-3831-4A3E-9E10-CD71B225A148}.Release|Any CPU.Build.0 = Release|Any CPU
	EndGlobalSection
	GlobalSection(SolutionProperties) = preSolution
		HideSolutionNode = FALSE
	EndGlobalSection
	GlobalSection(ExtensibilityGlobals) = postSolution
		SolutionGuid = {03870368-C919-49FD-AA7E-55BDC91F41C9}
	EndGlobalSection
EndGlobal
